
Microsoft Visual Studio Solution File, Format Version 12.00
# Visual Studio Version 16
VisualStudioVersion = 16.0.31424.327
MinimumVisualStudioVersion = 10.0.40219.1
Project("{FAE04EC0-301F-11D3-BF4B-00C04F79EFBC}") = "MachineStream", "MachineStream\MachineStream.csproj", "{9E7AAA82-BF24-4100-9E13-95298ABC1BC3}"
EndProject
Global
	GlobalSection(SolutionConfigurationPlatforms) = preSolution
		Debug|Any CPU = Debug|Any CPU
		Release|Any CPU = Release|Any CPU
	EndGlobalSection
	GlobalSection(ProjectConfigurationPlatforms) = postSolution
		{9E7AAA82-BF24-4100-9E13-95298ABC1BC3}.Debug|Any CPU.ActiveCfg = Debug|Any CPU
		{9E7AAA82-BF24-4100-9E13-95298ABC1BC3}.Debug|Any CPU.Build.0 = Debug|Any CPU
		{9E7AAA82-BF24-4100-9E13-95298ABC1BC3}.Release|Any CPU.ActiveCfg = Release|Any CPU
		{9E7AAA82-BF24-4100-9E13-95298ABC1BC3}.Release|Any CPU.Build.0 = Release|Any CPU
	EndGlobalSection
	GlobalSection(SolutionProperties) = preSolution
		HideSolutionNode = FALSE
	EndGlobalSection
	GlobalSection(ExtensibilityGlobals) = postSolution
		SolutionGuid = {8BEE48D9-F466-4FA5-A422-BF15F0F70111}
	EndGlobalSection
EndGlobal
